// !$*UTF8*$!
{
	archiveVersion = 1;
	classes = {
	};
	objectVersion = 46;
	objects = {

/* Begin PBXBuildFile section */
		3D00120319DAA801004AC830 /* S4M_062_EvalIfTestCase.m in Sources */ = {isa = PBXBuildFile; fileRef = 3D00120219DAA801004AC830 /* S4M_062_EvalIfTestCase.m */; };
		3D00120519DB2E5B004AC830 /* S4M_063_EvalBeginTestCase.m in Sources */ = {isa = PBXBuildFile; fileRef = 3D00120419DB2E5B004AC830 /* S4M_063_EvalBeginTestCase.m */; };
		3D00120719DB58C4004AC830 /* S4M_064_EvalDefineTestCase.m in Sources */ = {isa = PBXBuildFile; fileRef = 3D00120619DB58C4004AC830 /* S4M_064_EvalDefineTestCase.m */; };
		3D00120A19DB5CAC004AC830 /* S4MSchemeUserDefinedFunction.m in Sources */ = {isa = PBXBuildFile; fileRef = 3D00120919DB5CAC004AC830 /* S4MSchemeUserDefinedFunction.m */; };
		3D1F1FFE192FDD620082A674 /* S4MSchemeBoolean.m in Sources */ = {isa = PBXBuildFile; fileRef = 3D1F1FD6192FDD620082A674 /* S4MSchemeBoolean.m */; };
		3D1F1FFF192FDD620082A674 /* S4MSchemeCons.m in Sources */ = {isa = PBXBuildFile; fileRef = 3D1F1FD8192FDD620082A674 /* S4MSchemeCons.m */; };
		3D1F2001192FDD620082A674 /* S4MSchemeEnvironment.m in Sources */ = {isa = PBXBuildFile; fileRef = 3D1F1FDC192FDD620082A674 /* S4MSchemeEnvironment.m */; };
		3D1F2002192FDD620082A674 /* S4MSchemeFalse.m in Sources */ = {isa = PBXBuildFile; fileRef = 3D1F1FDE192FDD620082A674 /* S4MSchemeFalse.m */; };
		3D1F2003192FDD620082A674 /* S4MSchemeFloat.m in Sources */ = {isa = PBXBuildFile; fileRef = 3D1F1FE0192FDD620082A674 /* S4MSchemeFloat.m */; };
		3D1F2004192FDD620082A674 /* S4MSchemeInteger.m in Sources */ = {isa = PBXBuildFile; fileRef = 3D1F1FE2192FDD620082A674 /* S4MSchemeInteger.m */; };
		3D1F2005192FDD620082A674 /* S4MSchemeNil.m in Sources */ = {isa = PBXBuildFile; fileRef = 3D1F1FE4192FDD620082A674 /* S4MSchemeNil.m */; };
		3D1F2006192FDD620082A674 /* S4MSchemeNumber.m in Sources */ = {isa = PBXBuildFile; fileRef = 3D1F1FE6192FDD620082A674 /* S4MSchemeNumber.m */; };
		3D1F2007192FDD620082A674 /* S4MSchemeObject.m in Sources */ = {isa = PBXBuildFile; fileRef = 3D1F1FE8192FDD620082A674 /* S4MSchemeObject.m */; };
		3D1F2008192FDD620082A674 /* S4MSchemeString.m in Sources */ = {isa = PBXBuildFile; fileRef = 3D1F1FEA192FDD620082A674 /* S4MSchemeString.m */; };
		3D1F2009192FDD620082A674 /* S4MSchemeSymbol.m in Sources */ = {isa = PBXBuildFile; fileRef = 3D1F1FEC192FDD620082A674 /* S4MSchemeSymbol.m */; };
		3D1F200A192FDD620082A674 /* S4MSchemeTrue.m in Sources */ = {isa = PBXBuildFile; fileRef = 3D1F1FEE192FDD620082A674 /* S4MSchemeTrue.m */; };
		3D1F200B192FDD620082A674 /* S4MSchemeVoid.m in Sources */ = {isa = PBXBuildFile; fileRef = 3D1F1FF0192FDD620082A674 /* S4MSchemeVoid.m */; };
		3D1F200C192FDD620082A674 /* NSString+ToStringArray.m in Sources */ = {isa = PBXBuildFile; fileRef = 3D1F1FF3192FDD620082A674 /* NSString+ToStringArray.m */; };
		3D1F200D192FDD620082A674 /* S4MEval.m in Sources */ = {isa = PBXBuildFile; fileRef = 3D1F1FF5192FDD620082A674 /* S4MEval.m */; };
		3D1F200E192FDD620082A674 /* S4MPrinter.m in Sources */ = {isa = PBXBuildFile; fileRef = 3D1F1FF7192FDD620082A674 /* S4MPrinter.m */; };
		3D1F200F192FDD620082A674 /* S4MReader.m in Sources */ = {isa = PBXBuildFile; fileRef = 3D1F1FF9192FDD620082A674 /* S4MReader.m */; };
		3D1F2010192FDD620082A674 /* S4MStringStream.m in Sources */ = {isa = PBXBuildFile; fileRef = 3D1F1FFB192FDD620082A674 /* S4MStringStream.m */; };
		3D1F2011192FDD620082A674 /* S4MStringStreamUsingNSString.m in Sources */ = {isa = PBXBuildFile; fileRef = 3D1F1FFD192FDD620082A674 /* S4MStringStreamUsingNSString.m */; };
		3D24CC9819330F47000FE72C /* S4M_001_ReaderNumberTestCase.m in Sources */ = {isa = PBXBuildFile; fileRef = 3D24CC9719330F47000FE72C /* S4M_001_ReaderNumberTestCase.m */; };
		3D37D756192BC2FE004D4478 /* Cocoa.framework in Frameworks */ = {isa = PBXBuildFile; fileRef = 3D37D755192BC2FE004D4478 /* Cocoa.framework */; };
		3D37D760192BC2FE004D4478 /* InfoPlist.strings in Resources */ = {isa = PBXBuildFile; fileRef = 3D37D75E192BC2FE004D4478 /* InfoPlist.strings */; };
		3D37D762192BC2FE004D4478 /* main.m in Sources */ = {isa = PBXBuildFile; fileRef = 3D37D761192BC2FE004D4478 /* main.m */; };
		3D37D766192BC2FE004D4478 /* Credits.rtf in Resources */ = {isa = PBXBuildFile; fileRef = 3D37D764192BC2FE004D4478 /* Credits.rtf */; };
		3D37D769192BC2FE004D4478 /* S4MAppDelegate.m in Sources */ = {isa = PBXBuildFile; fileRef = 3D37D768192BC2FE004D4478 /* S4MAppDelegate.m */; };
		3D37D76C192BC2FE004D4478 /* MainMenu.xib in Resources */ = {isa = PBXBuildFile; fileRef = 3D37D76A192BC2FE004D4478 /* MainMenu.xib */; };
		3D37D76E192BC2FE004D4478 /* Images.xcassets in Resources */ = {isa = PBXBuildFile; fileRef = 3D37D76D192BC2FE004D4478 /* Images.xcassets */; };
		3D37D775192BC2FE004D4478 /* XCTest.framework in Frameworks */ = {isa = PBXBuildFile; fileRef = 3D37D774192BC2FE004D4478 /* XCTest.framework */; };
		3D37D776192BC2FE004D4478 /* Cocoa.framework in Frameworks */ = {isa = PBXBuildFile; fileRef = 3D37D755192BC2FE004D4478 /* Cocoa.framework */; };
		3D37D77E192BC2FE004D4478 /* InfoPlist.strings in Resources */ = {isa = PBXBuildFile; fileRef = 3D37D77C192BC2FE004D4478 /* InfoPlist.strings */; };
		3D3DC777193DCF49001E498F /* S4M_050_EnvironmentBasicTestCase.m in Sources */ = {isa = PBXBuildFile; fileRef = 3D3DC776193DCF49001E498F /* S4M_050_EnvironmentBasicTestCase.m */; };
		3D5ABEBA19D4B0CE00D2232A /* S4MSchemeVector.m in Sources */ = {isa = PBXBuildFile; fileRef = 3D5ABEB919D4B0CE00D2232A /* S4MSchemeVector.m */; };
		3D5ABEBC19D4B8BA00D2232A /* S4M_004_ReaderVectorTestCase.m in Sources */ = {isa = PBXBuildFile; fileRef = 3D5ABEBB19D4B8BA00D2232A /* S4M_004_ReaderVectorTestCase.m */; };
		3D5ABEBE19D4D89C00D2232A /* S4M_015_PrinterVectorTest.m in Sources */ = {isa = PBXBuildFile; fileRef = 3D5ABEBD19D4D89C00D2232A /* S4M_015_PrinterVectorTest.m */; };
		3D5ABEC319D6020700D2232A /* S4M_060_EvalSimpleArithmeticTestCase.m in Sources */ = {isa = PBXBuildFile; fileRef = 3D5ABEC219D6020700D2232A /* S4M_060_EvalSimpleArithmeticTestCase.m */; };
		3D5E9BAE1938EB3500F154A9 /* S4MSchemeNumberFormatter.m in Sources */ = {isa = PBXBuildFile; fileRef = 3D5E9BAD1938EB3500F154A9 /* S4MSchemeNumberFormatter.m */; };
		3D5E9BB0193900F100F154A9 /* S4M_002_ReaderStringTestCase.m in Sources */ = {isa = PBXBuildFile; fileRef = 3D5E9BAF193900F100F154A9 /* S4M_002_ReaderStringTestCase.m */; };
		3D5E9BB2193906D500F154A9 /* S4M_003_ReaderSymbolIdentityTestCase.m in Sources */ = {isa = PBXBuildFile; fileRef = 3D5E9BB1193906D500F154A9 /* S4M_003_ReaderSymbolIdentityTestCase.m */; };
		3D93BC4A19D627DB00CE0111 /* S4MSchemeBuiltin.m in Sources */ = {isa = PBXBuildFile; fileRef = 3D93BC4919D627DB00CE0111 /* S4MSchemeBuiltin.m */; };
		3D93BC4C19D7052800CE0111 /* S4M_061_EvalNestedSimpleArithmeticTestCase.m in Sources */ = {isa = PBXBuildFile; fileRef = 3D93BC4B19D7052800CE0111 /* S4M_061_EvalNestedSimpleArithmeticTestCase.m */; };
		3DACBA2919E0CB3100B6C0D8 /* S4M_068_EvalLetTestCase.m in Sources */ = {isa = PBXBuildFile; fileRef = 3DACBA2819E0CB3100B6C0D8 /* S4M_068_EvalLetTestCase.m */; };
		3DACBA2B19E0D05900B6C0D8 /* S4M_069_EvalLetStarTestCase.m in Sources */ = {isa = PBXBuildFile; fileRef = 3DACBA2A19E0D05900B6C0D8 /* S4M_069_EvalLetStarTestCase.m */; };
		3DC0CA0D193133E800F5D676 /* S4MSymbolTable.m in Sources */ = {isa = PBXBuildFile; fileRef = 3DC0CA0C193133E800F5D676 /* S4MSymbolTable.m */; };
		3DC0CA0E193133E800F5D676 /* S4MSymbolTable.m in Sources */ = {isa = PBXBuildFile; fileRef = 3DC0CA0C193133E800F5D676 /* S4MSymbolTable.m */; };
		3DF4E0C619E0B44A0065F9A3 /* S4M_055_ListShortcutsTestCase.m in Sources */ = {isa = PBXBuildFile; fileRef = 3DF4E0C519E0B44A0065F9A3 /* S4M_055_ListShortcutsTestCase.m */; };
		3DF9784C19DF4140002AAA62 /* S4M_067_EvalClosuresTestCase.m in Sources */ = {isa = PBXBuildFile; fileRef = 3DF9784B19DF4140002AAA62 /* S4M_067_EvalClosuresTestCase.m */; };
		3DFA1E5B19DCABA700AC58CB /* S4M_065_EvalQuoteTest.m in Sources */ = {isa = PBXBuildFile; fileRef = 3DFA1E5A19DCABA700AC58CB /* S4M_065_EvalQuoteTest.m */; };
		3DFA1E5D19DCB38A00AC58CB /* S4M_066_EvalLambdaTestCase.m in Sources */ = {isa = PBXBuildFile; fileRef = 3DFA1E5C19DCB38A00AC58CB /* S4M_066_EvalLambdaTestCase.m */; };
/* End PBXBuildFile section */

/* Begin PBXContainerItemProxy section */
		3D37D777192BC2FE004D4478 /* PBXContainerItemProxy */ = {
			isa = PBXContainerItemProxy;
			containerPortal = 3D37D74A192BC2FE004D4478 /* Project object */;
			proxyType = 1;
			remoteGlobalIDString = 3D37D751192BC2FE004D4478;
			remoteInfo = Scheme4Mac;
		};
/* End PBXContainerItemProxy section */

/* Begin PBXFileReference section */
		3D00120219DAA801004AC830 /* S4M_062_EvalIfTestCase.m */ = {isa = PBXFileReference; fileEncoding = 4; lastKnownFileType = sourcecode.c.objc; path = S4M_062_EvalIfTestCase.m; sourceTree = "<group>"; };
		3D00120419DB2E5B004AC830 /* S4M_063_EvalBeginTestCase.m */ = {isa = PBXFileReference; fileEncoding = 4; lastKnownFileType = sourcecode.c.objc; path = S4M_063_EvalBeginTestCase.m; sourceTree = "<group>"; };
		3D00120619DB58C4004AC830 /* S4M_064_EvalDefineTestCase.m */ = {isa = PBXFileReference; fileEncoding = 4; lastKnownFileType = sourcecode.c.objc; path = S4M_064_EvalDefineTestCase.m; sourceTree = "<group>"; };
		3D00120819DB5CAC004AC830 /* S4MSchemeUserDefinedFunction.h */ = {isa = PBXFileReference; fileEncoding = 4; lastKnownFileType = sourcecode.c.h; path = S4MSchemeUserDefinedFunction.h; sourceTree = "<group>"; };
		3D00120919DB5CAC004AC830 /* S4MSchemeUserDefinedFunction.m */ = {isa = PBXFileReference; fileEncoding = 4; lastKnownFileType = sourcecode.c.objc; path = S4MSchemeUserDefinedFunction.m; sourceTree = "<group>"; };
		3D1F1FD5192FDD620082A674 /* S4MSchemeBoolean.h */ = {isa = PBXFileReference; fileEncoding = 4; lastKnownFileType = sourcecode.c.h; path = S4MSchemeBoolean.h; sourceTree = "<group>"; };
		3D1F1FD6192FDD620082A674 /* S4MSchemeBoolean.m */ = {isa = PBXFileReference; fileEncoding = 4; lastKnownFileType = sourcecode.c.objc; path = S4MSchemeBoolean.m; sourceTree = "<group>"; };
		3D1F1FD7192FDD620082A674 /* S4MSchemeCons.h */ = {isa = PBXFileReference; fileEncoding = 4; lastKnownFileType = sourcecode.c.h; path = S4MSchemeCons.h; sourceTree = "<group>"; };
		3D1F1FD8192FDD620082A674 /* S4MSchemeCons.m */ = {isa = PBXFileReference; fileEncoding = 4; lastKnownFileType = sourcecode.c.objc; path = S4MSchemeCons.m; sourceTree = "<group>"; };
		3D1F1FDB192FDD620082A674 /* S4MSchemeEnvironment.h */ = {isa = PBXFileReference; fileEncoding = 4; lastKnownFileType = sourcecode.c.h; path = S4MSchemeEnvironment.h; sourceTree = "<group>"; };
		3D1F1FDC192FDD620082A674 /* S4MSchemeEnvironment.m */ = {isa = PBXFileReference; fileEncoding = 4; lastKnownFileType = sourcecode.c.objc; path = S4MSchemeEnvironment.m; sourceTree = "<group>"; };
		3D1F1FDD192FDD620082A674 /* S4MSchemeFalse.h */ = {isa = PBXFileReference; fileEncoding = 4; lastKnownFileType = sourcecode.c.h; path = S4MSchemeFalse.h; sourceTree = "<group>"; };
		3D1F1FDE192FDD620082A674 /* S4MSchemeFalse.m */ = {isa = PBXFileReference; fileEncoding = 4; lastKnownFileType = sourcecode.c.objc; path = S4MSchemeFalse.m; sourceTree = "<group>"; };
		3D1F1FDF192FDD620082A674 /* S4MSchemeFloat.h */ = {isa = PBXFileReference; fileEncoding = 4; lastKnownFileType = sourcecode.c.h; path = S4MSchemeFloat.h; sourceTree = "<group>"; };
		3D1F1FE0192FDD620082A674 /* S4MSchemeFloat.m */ = {isa = PBXFileReference; fileEncoding = 4; lastKnownFileType = sourcecode.c.objc; path = S4MSchemeFloat.m; sourceTree = "<group>"; };
		3D1F1FE1192FDD620082A674 /* S4MSchemeInteger.h */ = {isa = PBXFileReference; fileEncoding = 4; lastKnownFileType = sourcecode.c.h; path = S4MSchemeInteger.h; sourceTree = "<group>"; };
		3D1F1FE2192FDD620082A674 /* S4MSchemeInteger.m */ = {isa = PBXFileReference; fileEncoding = 4; lastKnownFileType = sourcecode.c.objc; path = S4MSchemeInteger.m; sourceTree = "<group>"; };
		3D1F1FE3192FDD620082A674 /* S4MSchemeNil.h */ = {isa = PBXFileReference; fileEncoding = 4; lastKnownFileType = sourcecode.c.h; path = S4MSchemeNil.h; sourceTree = "<group>"; };
		3D1F1FE4192FDD620082A674 /* S4MSchemeNil.m */ = {isa = PBXFileReference; fileEncoding = 4; lastKnownFileType = sourcecode.c.objc; path = S4MSchemeNil.m; sourceTree = "<group>"; };
		3D1F1FE5192FDD620082A674 /* S4MSchemeNumber.h */ = {isa = PBXFileReference; fileEncoding = 4; lastKnownFileType = sourcecode.c.h; path = S4MSchemeNumber.h; sourceTree = "<group>"; };
		3D1F1FE6192FDD620082A674 /* S4MSchemeNumber.m */ = {isa = PBXFileReference; fileEncoding = 4; lastKnownFileType = sourcecode.c.objc; path = S4MSchemeNumber.m; sourceTree = "<group>"; };
		3D1F1FE7192FDD620082A674 /* S4MSchemeObject.h */ = {isa = PBXFileReference; fileEncoding = 4; lastKnownFileType = sourcecode.c.h; path = S4MSchemeObject.h; sourceTree = "<group>"; };
		3D1F1FE8192FDD620082A674 /* S4MSchemeObject.m */ = {isa = PBXFileReference; fileEncoding = 4; lastKnownFileType = sourcecode.c.objc; path = S4MSchemeObject.m; sourceTree = "<group>"; };
		3D1F1FE9192FDD620082A674 /* S4MSchemeString.h */ = {isa = PBXFileReference; fileEncoding = 4; lastKnownFileType = sourcecode.c.h; path = S4MSchemeString.h; sourceTree = "<group>"; };
		3D1F1FEA192FDD620082A674 /* S4MSchemeString.m */ = {isa = PBXFileReference; fileEncoding = 4; lastKnownFileType = sourcecode.c.objc; path = S4MSchemeString.m; sourceTree = "<group>"; };
		3D1F1FEB192FDD620082A674 /* S4MSchemeSymbol.h */ = {isa = PBXFileReference; fileEncoding = 4; lastKnownFileType = sourcecode.c.h; path = S4MSchemeSymbol.h; sourceTree = "<group>"; };
		3D1F1FEC192FDD620082A674 /* S4MSchemeSymbol.m */ = {isa = PBXFileReference; fileEncoding = 4; lastKnownFileType = sourcecode.c.objc; path = S4MSchemeSymbol.m; sourceTree = "<group>"; };
		3D1F1FED192FDD620082A674 /* S4MSchemeTrue.h */ = {isa = PBXFileReference; fileEncoding = 4; lastKnownFileType = sourcecode.c.h; path = S4MSchemeTrue.h; sourceTree = "<group>"; };
		3D1F1FEE192FDD620082A674 /* S4MSchemeTrue.m */ = {isa = PBXFileReference; fileEncoding = 4; lastKnownFileType = sourcecode.c.objc; path = S4MSchemeTrue.m; sourceTree = "<group>"; };
		3D1F1FEF192FDD620082A674 /* S4MSchemeVoid.h */ = {isa = PBXFileReference; fileEncoding = 4; lastKnownFileType = sourcecode.c.h; path = S4MSchemeVoid.h; sourceTree = "<group>"; };
		3D1F1FF0192FDD620082A674 /* S4MSchemeVoid.m */ = {isa = PBXFileReference; fileEncoding = 4; lastKnownFileType = sourcecode.c.objc; path = S4MSchemeVoid.m; sourceTree = "<group>"; };
		3D1F1FF2192FDD620082A674 /* NSString+ToStringArray.h */ = {isa = PBXFileReference; fileEncoding = 4; lastKnownFileType = sourcecode.c.h; path = "NSString+ToStringArray.h"; sourceTree = "<group>"; };
		3D1F1FF3192FDD620082A674 /* NSString+ToStringArray.m */ = {isa = PBXFileReference; fileEncoding = 4; lastKnownFileType = sourcecode.c.objc; path = "NSString+ToStringArray.m"; sourceTree = "<group>"; };
		3D1F1FF4192FDD620082A674 /* S4MEval.h */ = {isa = PBXFileReference; fileEncoding = 4; lastKnownFileType = sourcecode.c.h; path = S4MEval.h; sourceTree = "<group>"; };
		3D1F1FF5192FDD620082A674 /* S4MEval.m */ = {isa = PBXFileReference; fileEncoding = 4; lastKnownFileType = sourcecode.c.objc; path = S4MEval.m; sourceTree = "<group>"; };
		3D1F1FF6192FDD620082A674 /* S4MPrinter.h */ = {isa = PBXFileReference; fileEncoding = 4; lastKnownFileType = sourcecode.c.h; path = S4MPrinter.h; sourceTree = "<group>"; };
		3D1F1FF7192FDD620082A674 /* S4MPrinter.m */ = {isa = PBXFileReference; fileEncoding = 4; lastKnownFileType = sourcecode.c.objc; path = S4MPrinter.m; sourceTree = "<group>"; };
		3D1F1FF8192FDD620082A674 /* S4MReader.h */ = {isa = PBXFileReference; fileEncoding = 4; lastKnownFileType = sourcecode.c.h; path = S4MReader.h; sourceTree = "<group>"; };
		3D1F1FF9192FDD620082A674 /* S4MReader.m */ = {isa = PBXFileReference; fileEncoding = 4; lastKnownFileType = sourcecode.c.objc; path = S4MReader.m; sourceTree = "<group>"; };
		3D1F1FFA192FDD620082A674 /* S4MStringStream.h */ = {isa = PBXFileReference; fileEncoding = 4; lastKnownFileType = sourcecode.c.h; path = S4MStringStream.h; sourceTree = "<group>"; };
		3D1F1FFB192FDD620082A674 /* S4MStringStream.m */ = {isa = PBXFileReference; fileEncoding = 4; lastKnownFileType = sourcecode.c.objc; path = S4MStringStream.m; sourceTree = "<group>"; };
		3D1F1FFC192FDD620082A674 /* S4MStringStreamUsingNSString.h */ = {isa = PBXFileReference; fileEncoding = 4; lastKnownFileType = sourcecode.c.h; path = S4MStringStreamUsingNSString.h; sourceTree = "<group>"; };
		3D1F1FFD192FDD620082A674 /* S4MStringStreamUsingNSString.m */ = {isa = PBXFileReference; fileEncoding = 4; lastKnownFileType = sourcecode.c.objc; path = S4MStringStreamUsingNSString.m; sourceTree = "<group>"; };
		3D24CC9719330F47000FE72C /* S4M_001_ReaderNumberTestCase.m */ = {isa = PBXFileReference; fileEncoding = 4; lastKnownFileType = sourcecode.c.objc; name = S4M_001_ReaderNumberTestCase.m; path = Scheme4MacTests/S4M_001_ReaderNumberTestCase.m; sourceTree = SOURCE_ROOT; };
		3D37D752192BC2FE004D4478 /* Scheme4Mac.app */ = {isa = PBXFileReference; explicitFileType = wrapper.application; includeInIndex = 0; path = Scheme4Mac.app; sourceTree = BUILT_PRODUCTS_DIR; };
		3D37D755192BC2FE004D4478 /* Cocoa.framework */ = {isa = PBXFileReference; lastKnownFileType = wrapper.framework; name = Cocoa.framework; path = System/Library/Frameworks/Cocoa.framework; sourceTree = SDKROOT; };
		3D37D758192BC2FE004D4478 /* AppKit.framework */ = {isa = PBXFileReference; lastKnownFileType = wrapper.framework; name = AppKit.framework; path = System/Library/Frameworks/AppKit.framework; sourceTree = SDKROOT; };
		3D37D759192BC2FE004D4478 /* CoreData.framework */ = {isa = PBXFileReference; lastKnownFileType = wrapper.framework; name = CoreData.framework; path = System/Library/Frameworks/CoreData.framework; sourceTree = SDKROOT; };
		3D37D75A192BC2FE004D4478 /* Foundation.framework */ = {isa = PBXFileReference; lastKnownFileType = wrapper.framework; name = Foundation.framework; path = System/Library/Frameworks/Foundation.framework; sourceTree = SDKROOT; };
		3D37D75D192BC2FE004D4478 /* Scheme4Mac-Info.plist */ = {isa = PBXFileReference; lastKnownFileType = text.plist.xml; path = "Scheme4Mac-Info.plist"; sourceTree = "<group>"; };
		3D37D75F192BC2FE004D4478 /* en */ = {isa = PBXFileReference; lastKnownFileType = text.plist.strings; name = en; path = en.lproj/InfoPlist.strings; sourceTree = "<group>"; };
		3D37D761192BC2FE004D4478 /* main.m */ = {isa = PBXFileReference; lastKnownFileType = sourcecode.c.objc; path = main.m; sourceTree = "<group>"; };
		3D37D763192BC2FE004D4478 /* Scheme4Mac-Prefix.pch */ = {isa = PBXFileReference; lastKnownFileType = sourcecode.c.h; path = "Scheme4Mac-Prefix.pch"; sourceTree = "<group>"; };
		3D37D765192BC2FE004D4478 /* en */ = {isa = PBXFileReference; lastKnownFileType = text.rtf; name = en; path = en.lproj/Credits.rtf; sourceTree = "<group>"; };
		3D37D767192BC2FE004D4478 /* S4MAppDelegate.h */ = {isa = PBXFileReference; lastKnownFileType = sourcecode.c.h; path = S4MAppDelegate.h; sourceTree = "<group>"; };
		3D37D768192BC2FE004D4478 /* S4MAppDelegate.m */ = {isa = PBXFileReference; lastKnownFileType = sourcecode.c.objc; path = S4MAppDelegate.m; sourceTree = "<group>"; };
		3D37D76B192BC2FE004D4478 /* Base */ = {isa = PBXFileReference; lastKnownFileType = file.xib; name = Base; path = Base.lproj/MainMenu.xib; sourceTree = "<group>"; };
		3D37D76D192BC2FE004D4478 /* Images.xcassets */ = {isa = PBXFileReference; lastKnownFileType = folder.assetcatalog; path = Images.xcassets; sourceTree = "<group>"; };
		3D37D773192BC2FE004D4478 /* Scheme4MacTests.xctest */ = {isa = PBXFileReference; explicitFileType = wrapper.cfbundle; includeInIndex = 0; path = Scheme4MacTests.xctest; sourceTree = BUILT_PRODUCTS_DIR; };
		3D37D774192BC2FE004D4478 /* XCTest.framework */ = {isa = PBXFileReference; lastKnownFileType = wrapper.framework; name = XCTest.framework; path = Library/Frameworks/XCTest.framework; sourceTree = DEVELOPER_DIR; };
		3D37D77B192BC2FE004D4478 /* Scheme4MacTests-Info.plist */ = {isa = PBXFileReference; lastKnownFileType = text.plist.xml; path = "Scheme4MacTests-Info.plist"; sourceTree = "<group>"; };
		3D37D77D192BC2FE004D4478 /* en */ = {isa = PBXFileReference; lastKnownFileType = text.plist.strings; name = en; path = en.lproj/InfoPlist.strings; sourceTree = "<group>"; };
		3D3DC776193DCF49001E498F /* S4M_050_EnvironmentBasicTestCase.m */ = {isa = PBXFileReference; fileEncoding = 4; lastKnownFileType = sourcecode.c.objc; path = S4M_050_EnvironmentBasicTestCase.m; sourceTree = "<group>"; };
		3D5ABEB819D4B0CE00D2232A /* S4MSchemeVector.h */ = {isa = PBXFileReference; fileEncoding = 4; lastKnownFileType = sourcecode.c.h; path = S4MSchemeVector.h; sourceTree = "<group>"; };
		3D5ABEB919D4B0CE00D2232A /* S4MSchemeVector.m */ = {isa = PBXFileReference; fileEncoding = 4; lastKnownFileType = sourcecode.c.objc; path = S4MSchemeVector.m; sourceTree = "<group>"; };
		3D5ABEBB19D4B8BA00D2232A /* S4M_004_ReaderVectorTestCase.m */ = {isa = PBXFileReference; fileEncoding = 4; lastKnownFileType = sourcecode.c.objc; path = S4M_004_ReaderVectorTestCase.m; sourceTree = "<group>"; };
		3D5ABEBD19D4D89C00D2232A /* S4M_015_PrinterVectorTest.m */ = {isa = PBXFileReference; fileEncoding = 4; lastKnownFileType = sourcecode.c.objc; path = S4M_015_PrinterVectorTest.m; sourceTree = "<group>"; };
		3D5ABEC219D6020700D2232A /* S4M_060_EvalSimpleArithmeticTestCase.m */ = {isa = PBXFileReference; fileEncoding = 4; lastKnownFileType = sourcecode.c.objc; path = S4M_060_EvalSimpleArithmeticTestCase.m; sourceTree = "<group>"; };
		3D5E9BAC1938EB3500F154A9 /* S4MSchemeNumberFormatter.h */ = {isa = PBXFileReference; fileEncoding = 4; lastKnownFileType = sourcecode.c.h; path = S4MSchemeNumberFormatter.h; sourceTree = "<group>"; };
		3D5E9BAD1938EB3500F154A9 /* S4MSchemeNumberFormatter.m */ = {isa = PBXFileReference; fileEncoding = 4; lastKnownFileType = sourcecode.c.objc; path = S4MSchemeNumberFormatter.m; sourceTree = "<group>"; };
		3D5E9BAF193900F100F154A9 /* S4M_002_ReaderStringTestCase.m */ = {isa = PBXFileReference; fileEncoding = 4; lastKnownFileType = sourcecode.c.objc; path = S4M_002_ReaderStringTestCase.m; sourceTree = "<group>"; };
		3D5E9BB1193906D500F154A9 /* S4M_003_ReaderSymbolIdentityTestCase.m */ = {isa = PBXFileReference; fileEncoding = 4; lastKnownFileType = sourcecode.c.objc; path = S4M_003_ReaderSymbolIdentityTestCase.m; sourceTree = "<group>"; };
		3D93BC4819D627DB00CE0111 /* S4MSchemeBuiltin.h */ = {isa = PBXFileReference; fileEncoding = 4; lastKnownFileType = sourcecode.c.h; path = S4MSchemeBuiltin.h; sourceTree = "<group>"; };
		3D93BC4919D627DB00CE0111 /* S4MSchemeBuiltin.m */ = {isa = PBXFileReference; fileEncoding = 4; lastKnownFileType = sourcecode.c.objc; path = S4MSchemeBuiltin.m; sourceTree = "<group>"; };
		3D93BC4B19D7052800CE0111 /* S4M_061_EvalNestedSimpleArithmeticTestCase.m */ = {isa = PBXFileReference; fileEncoding = 4; lastKnownFileType = sourcecode.c.objc; path = S4M_061_EvalNestedSimpleArithmeticTestCase.m; sourceTree = "<group>"; };
		3DACBA2819E0CB3100B6C0D8 /* S4M_068_EvalLetTestCase.m */ = {isa = PBXFileReference; fileEncoding = 4; lastKnownFileType = sourcecode.c.objc; path = S4M_068_EvalLetTestCase.m; sourceTree = "<group>"; };
		3DACBA2A19E0D05900B6C0D8 /* S4M_069_EvalLetStarTestCase.m */ = {isa = PBXFileReference; fileEncoding = 4; lastKnownFileType = sourcecode.c.objc; path = S4M_069_EvalLetStarTestCase.m; sourceTree = "<group>"; };
		3DC0CA0B193133E800F5D676 /* S4MSymbolTable.h */ = {isa = PBXFileReference; fileEncoding = 4; lastKnownFileType = sourcecode.c.h; path = S4MSymbolTable.h; sourceTree = "<group>"; };
		3DC0CA0C193133E800F5D676 /* S4MSymbolTable.m */ = {isa = PBXFileReference; fileEncoding = 4; lastKnownFileType = sourcecode.c.objc; path = S4MSymbolTable.m; sourceTree = "<group>"; };
		3DF4E0C519E0B44A0065F9A3 /* S4M_055_ListShortcutsTestCase.m */ = {isa = PBXFileReference; fileEncoding = 4; lastKnownFileType = sourcecode.c.objc; path = S4M_055_ListShortcutsTestCase.m; sourceTree = "<group>"; };
		3DF9784B19DF4140002AAA62 /* S4M_067_EvalClosuresTestCase.m */ = {isa = PBXFileReference; fileEncoding = 4; lastKnownFileType = sourcecode.c.objc; path = S4M_067_EvalClosuresTestCase.m; sourceTree = "<group>"; };
		3DFA1E5A19DCABA700AC58CB /* S4M_065_EvalQuoteTest.m */ = {isa = PBXFileReference; fileEncoding = 4; lastKnownFileType = sourcecode.c.objc; path = S4M_065_EvalQuoteTest.m; sourceTree = "<group>"; };
		3DFA1E5C19DCB38A00AC58CB /* S4M_066_EvalLambdaTestCase.m */ = {isa = PBXFileReference; fileEncoding = 4; lastKnownFileType = sourcecode.c.objc; path = S4M_066_EvalLambdaTestCase.m; sourceTree = "<group>"; };
/* End PBXFileReference section */

/* Begin PBXFrameworksBuildPhase section */
		3D37D74F192BC2FE004D4478 /* Frameworks */ = {
			isa = PBXFrameworksBuildPhase;
			buildActionMask = 2147483647;
			files = (
				3D37D756192BC2FE004D4478 /* Cocoa.framework in Frameworks */,
			);
			runOnlyForDeploymentPostprocessing = 0;
		};
		3D37D770192BC2FE004D4478 /* Frameworks */ = {
			isa = PBXFrameworksBuildPhase;
			buildActionMask = 2147483647;
			files = (
				3D37D776192BC2FE004D4478 /* Cocoa.framework in Frameworks */,
				3D37D775192BC2FE004D4478 /* XCTest.framework in Frameworks */,
			);
			runOnlyForDeploymentPostprocessing = 0;
		};
/* End PBXFrameworksBuildPhase section */

/* Begin PBXGroup section */
		3D1F1FD4192FDD620082A674 /* SchemeObjects */ = {
			isa = PBXGroup;
			children = (
				3D1F1FD5192FDD620082A674 /* S4MSchemeBoolean.h */,
				3D1F1FD6192FDD620082A674 /* S4MSchemeBoolean.m */,
				3D1F1FD7192FDD620082A674 /* S4MSchemeCons.h */,
				3D1F1FD8192FDD620082A674 /* S4MSchemeCons.m */,
				3D1F1FDB192FDD620082A674 /* S4MSchemeEnvironment.h */,
				3D1F1FDC192FDD620082A674 /* S4MSchemeEnvironment.m */,
				3D1F1FDD192FDD620082A674 /* S4MSchemeFalse.h */,
				3D1F1FDE192FDD620082A674 /* S4MSchemeFalse.m */,
				3D1F1FDF192FDD620082A674 /* S4MSchemeFloat.h */,
				3D1F1FE0192FDD620082A674 /* S4MSchemeFloat.m */,
				3D1F1FE1192FDD620082A674 /* S4MSchemeInteger.h */,
				3D1F1FE2192FDD620082A674 /* S4MSchemeInteger.m */,
				3D1F1FE3192FDD620082A674 /* S4MSchemeNil.h */,
				3D1F1FE4192FDD620082A674 /* S4MSchemeNil.m */,
				3D1F1FE5192FDD620082A674 /* S4MSchemeNumber.h */,
				3D1F1FE6192FDD620082A674 /* S4MSchemeNumber.m */,
				3D1F1FE7192FDD620082A674 /* S4MSchemeObject.h */,
				3D1F1FE8192FDD620082A674 /* S4MSchemeObject.m */,
				3D1F1FE9192FDD620082A674 /* S4MSchemeString.h */,
				3D1F1FEA192FDD620082A674 /* S4MSchemeString.m */,
				3D1F1FEB192FDD620082A674 /* S4MSchemeSymbol.h */,
				3D1F1FEC192FDD620082A674 /* S4MSchemeSymbol.m */,
				3D1F1FED192FDD620082A674 /* S4MSchemeTrue.h */,
				3D1F1FEE192FDD620082A674 /* S4MSchemeTrue.m */,
				3D1F1FEF192FDD620082A674 /* S4MSchemeVoid.h */,
				3D1F1FF0192FDD620082A674 /* S4MSchemeVoid.m */,
				3D5E9BAC1938EB3500F154A9 /* S4MSchemeNumberFormatter.h */,
				3D5E9BAD1938EB3500F154A9 /* S4MSchemeNumberFormatter.m */,
				3D5ABEB819D4B0CE00D2232A /* S4MSchemeVector.h */,
				3D5ABEB919D4B0CE00D2232A /* S4MSchemeVector.m */,
				3D93BC4819D627DB00CE0111 /* S4MSchemeBuiltin.h */,
				3D93BC4919D627DB00CE0111 /* S4MSchemeBuiltin.m */,
				3D00120819DB5CAC004AC830 /* S4MSchemeUserDefinedFunction.h */,
				3D00120919DB5CAC004AC830 /* S4MSchemeUserDefinedFunction.m */,
			);
			path = SchemeObjects;
			sourceTree = "<group>";
		};
		3D1F1FF1192FDD620082A674 /* SchemeREPL */ = {
			isa = PBXGroup;
			children = (
				3D1F1FF2192FDD620082A674 /* NSString+ToStringArray.h */,
				3D1F1FF3192FDD620082A674 /* NSString+ToStringArray.m */,
				3D1F1FF4192FDD620082A674 /* S4MEval.h */,
				3D1F1FF5192FDD620082A674 /* S4MEval.m */,
				3D1F1FF6192FDD620082A674 /* S4MPrinter.h */,
				3D1F1FF7192FDD620082A674 /* S4MPrinter.m */,
				3D1F1FF8192FDD620082A674 /* S4MReader.h */,
				3D1F1FF9192FDD620082A674 /* S4MReader.m */,
				3D1F1FFA192FDD620082A674 /* S4MStringStream.h */,
				3D1F1FFB192FDD620082A674 /* S4MStringStream.m */,
				3D1F1FFC192FDD620082A674 /* S4MStringStreamUsingNSString.h */,
				3D1F1FFD192FDD620082A674 /* S4MStringStreamUsingNSString.m */,
				3DC0CA0B193133E800F5D676 /* S4MSymbolTable.h */,
				3DC0CA0C193133E800F5D676 /* S4MSymbolTable.m */,
			);
			path = SchemeREPL;
			sourceTree = "<group>";
		};
		3D37D749192BC2FE004D4478 = {
			isa = PBXGroup;
			children = (
				3D37D75B192BC2FE004D4478 /* Scheme4Mac */,
				3D37D779192BC2FE004D4478 /* Scheme4MacTests */,
				3D37D754192BC2FE004D4478 /* Frameworks */,
				3D37D753192BC2FE004D4478 /* Products */,
			);
			sourceTree = "<group>";
		};
		3D37D753192BC2FE004D4478 /* Products */ = {
			isa = PBXGroup;
			children = (
				3D37D752192BC2FE004D4478 /* Scheme4Mac.app */,
				3D37D773192BC2FE004D4478 /* Scheme4MacTests.xctest */,
			);
			name = Products;
			sourceTree = "<group>";
		};
		3D37D754192BC2FE004D4478 /* Frameworks */ = {
			isa = PBXGroup;
			children = (
				3D37D755192BC2FE004D4478 /* Cocoa.framework */,
				3D37D774192BC2FE004D4478 /* XCTest.framework */,
				3D37D757192BC2FE004D4478 /* Other Frameworks */,
			);
			name = Frameworks;
			sourceTree = "<group>";
		};
		3D37D757192BC2FE004D4478 /* Other Frameworks */ = {
			isa = PBXGroup;
			children = (
				3D37D758192BC2FE004D4478 /* AppKit.framework */,
				3D37D759192BC2FE004D4478 /* CoreData.framework */,
				3D37D75A192BC2FE004D4478 /* Foundation.framework */,
			);
			name = "Other Frameworks";
			sourceTree = "<group>";
		};
		3D37D75B192BC2FE004D4478 /* Scheme4Mac */ = {
			isa = PBXGroup;
			children = (
				3D1F1FD4192FDD620082A674 /* SchemeObjects */,
				3D1F1FF1192FDD620082A674 /* SchemeREPL */,
				3D37D767192BC2FE004D4478 /* S4MAppDelegate.h */,
				3D37D768192BC2FE004D4478 /* S4MAppDelegate.m */,
				3D37D76A192BC2FE004D4478 /* MainMenu.xib */,
				3D37D76D192BC2FE004D4478 /* Images.xcassets */,
				3D37D75C192BC2FE004D4478 /* Supporting Files */,
			);
			path = Scheme4Mac;
			sourceTree = "<group>";
		};
		3D37D75C192BC2FE004D4478 /* Supporting Files */ = {
			isa = PBXGroup;
			children = (
				3D37D75D192BC2FE004D4478 /* Scheme4Mac-Info.plist */,
				3D37D75E192BC2FE004D4478 /* InfoPlist.strings */,
				3D37D761192BC2FE004D4478 /* main.m */,
				3D37D763192BC2FE004D4478 /* Scheme4Mac-Prefix.pch */,
				3D37D764192BC2FE004D4478 /* Credits.rtf */,
			);
			name = "Supporting Files";
			sourceTree = "<group>";
		};
		3D37D779192BC2FE004D4478 /* Scheme4MacTests */ = {
			isa = PBXGroup;
			children = (
				3D24CC9719330F47000FE72C /* S4M_001_ReaderNumberTestCase.m */,
				3D5E9BAF193900F100F154A9 /* S4M_002_ReaderStringTestCase.m */,
				3D5E9BB1193906D500F154A9 /* S4M_003_ReaderSymbolIdentityTestCase.m */,
				3D5ABEBB19D4B8BA00D2232A /* S4M_004_ReaderVectorTestCase.m */,
				3D5ABEBD19D4D89C00D2232A /* S4M_015_PrinterVectorTest.m */,
				3D3DC776193DCF49001E498F /* S4M_050_EnvironmentBasicTestCase.m */,
				3DF4E0C519E0B44A0065F9A3 /* S4M_055_ListShortcutsTestCase.m */,
				3D5ABEC219D6020700D2232A /* S4M_060_EvalSimpleArithmeticTestCase.m */,
				3D93BC4B19D7052800CE0111 /* S4M_061_EvalNestedSimpleArithmeticTestCase.m */,
				3D00120219DAA801004AC830 /* S4M_062_EvalIfTestCase.m */,
				3D00120419DB2E5B004AC830 /* S4M_063_EvalBeginTestCase.m */,
				3D00120619DB58C4004AC830 /* S4M_064_EvalDefineTestCase.m */,
				3DFA1E5A19DCABA700AC58CB /* S4M_065_EvalQuoteTest.m */,
				3DFA1E5C19DCB38A00AC58CB /* S4M_066_EvalLambdaTestCase.m */,
				3DF9784B19DF4140002AAA62 /* S4M_067_EvalClosuresTestCase.m */,
				3DACBA2819E0CB3100B6C0D8 /* S4M_068_EvalLetTestCase.m */,
				3DACBA2A19E0D05900B6C0D8 /* S4M_069_EvalLetStarTestCase.m */,
				3D37D77A192BC2FE004D4478 /* Supporting Files */,
			);
			path = Scheme4MacTests;
			sourceTree = "<group>";
		};
		3D37D77A192BC2FE004D4478 /* Supporting Files */ = {
			isa = PBXGroup;
			children = (
				3D37D77B192BC2FE004D4478 /* Scheme4MacTests-Info.plist */,
				3D37D77C192BC2FE004D4478 /* InfoPlist.strings */,
			);
			name = "Supporting Files";
			sourceTree = "<group>";
		};
/* End PBXGroup section */

/* Begin PBXNativeTarget section */
		3D37D751192BC2FE004D4478 /* Scheme4Mac */ = {
			isa = PBXNativeTarget;
			buildConfigurationList = 3D37D783192BC2FE004D4478 /* Build configuration list for PBXNativeTarget "Scheme4Mac" */;
			buildPhases = (
				3D37D74E192BC2FE004D4478 /* Sources */,
				3D37D74F192BC2FE004D4478 /* Frameworks */,
				3D37D750192BC2FE004D4478 /* Resources */,
			);
			buildRules = (
			);
			dependencies = (
			);
			name = Scheme4Mac;
			productName = Scheme4Mac;
			productReference = 3D37D752192BC2FE004D4478 /* Scheme4Mac.app */;
			productType = "com.apple.product-type.application";
		};
		3D37D772192BC2FE004D4478 /* Scheme4MacTests */ = {
			isa = PBXNativeTarget;
			buildConfigurationList = 3D37D786192BC2FE004D4478 /* Build configuration list for PBXNativeTarget "Scheme4MacTests" */;
			buildPhases = (
				3D37D76F192BC2FE004D4478 /* Sources */,
				3D37D770192BC2FE004D4478 /* Frameworks */,
				3D37D771192BC2FE004D4478 /* Resources */,
			);
			buildRules = (
			);
			dependencies = (
				3D37D778192BC2FE004D4478 /* PBXTargetDependency */,
			);
			name = Scheme4MacTests;
			productName = Scheme4MacTests;
			productReference = 3D37D773192BC2FE004D4478 /* Scheme4MacTests.xctest */;
			productType = "com.apple.product-type.bundle.unit-test";
		};
/* End PBXNativeTarget section */

/* Begin PBXProject section */
		3D37D74A192BC2FE004D4478 /* Project object */ = {
			isa = PBXProject;
			attributes = {
				CLASSPREFIX = S4M;
				LastUpgradeCheck = 0510;
				ORGANIZATIONNAME = "___JAEN___";
				TargetAttributes = {
					3D37D772192BC2FE004D4478 = {
						TestTargetID = 3D37D751192BC2FE004D4478;
					};
				};
			};
			buildConfigurationList = 3D37D74D192BC2FE004D4478 /* Build configuration list for PBXProject "Scheme4Mac" */;
			compatibilityVersion = "Xcode 3.2";
			developmentRegion = English;
			hasScannedForEncodings = 0;
			knownRegions = (
				en,
				Base,
			);
			mainGroup = 3D37D749192BC2FE004D4478;
			productRefGroup = 3D37D753192BC2FE004D4478 /* Products */;
			projectDirPath = "";
			projectRoot = "";
			targets = (
				3D37D751192BC2FE004D4478 /* Scheme4Mac */,
				3D37D772192BC2FE004D4478 /* Scheme4MacTests */,
			);
		};
/* End PBXProject section */

/* Begin PBXResourcesBuildPhase section */
		3D37D750192BC2FE004D4478 /* Resources */ = {
			isa = PBXResourcesBuildPhase;
			buildActionMask = 2147483647;
			files = (
				3D37D760192BC2FE004D4478 /* InfoPlist.strings in Resources */,
				3D37D76E192BC2FE004D4478 /* Images.xcassets in Resources */,
				3D37D766192BC2FE004D4478 /* Credits.rtf in Resources */,
				3D37D76C192BC2FE004D4478 /* MainMenu.xib in Resources */,
			);
			runOnlyForDeploymentPostprocessing = 0;
		};
		3D37D771192BC2FE004D4478 /* Resources */ = {
			isa = PBXResourcesBuildPhase;
			buildActionMask = 2147483647;
			files = (
				3D37D77E192BC2FE004D4478 /* InfoPlist.strings in Resources */,
			);
			runOnlyForDeploymentPostprocessing = 0;
		};
/* End PBXResourcesBuildPhase section */

/* Begin PBXSourcesBuildPhase section */
		3D37D74E192BC2FE004D4478 /* Sources */ = {
			isa = PBXSourcesBuildPhase;
			buildActionMask = 2147483647;
			files = (
				3D5ABEBA19D4B0CE00D2232A /* S4MSchemeVector.m in Sources */,
				3D1F2007192FDD620082A674 /* S4MSchemeObject.m in Sources */,
				3D37D762192BC2FE004D4478 /* main.m in Sources */,
				3D1F2001192FDD620082A674 /* S4MSchemeEnvironment.m in Sources */,
				3D1F2008192FDD620082A674 /* S4MSchemeString.m in Sources */,
				3D1F200D192FDD620082A674 /* S4MEval.m in Sources */,
				3D1F2003192FDD620082A674 /* S4MSchemeFloat.m in Sources */,
				3D1F200B192FDD620082A674 /* S4MSchemeVoid.m in Sources */,
				3D00120A19DB5CAC004AC830 /* S4MSchemeUserDefinedFunction.m in Sources */,
				3D1F200E192FDD620082A674 /* S4MPrinter.m in Sources */,
				3D1F2011192FDD620082A674 /* S4MStringStreamUsingNSString.m in Sources */,
				3D1F2005192FDD620082A674 /* S4MSchemeNil.m in Sources */,
				3D37D769192BC2FE004D4478 /* S4MAppDelegate.m in Sources */,
				3D5E9BAE1938EB3500F154A9 /* S4MSchemeNumberFormatter.m in Sources */,
				3D1F2009192FDD620082A674 /* S4MSchemeSymbol.m in Sources */,
				3D1F2006192FDD620082A674 /* S4MSchemeNumber.m in Sources */,
				3D1F200C192FDD620082A674 /* NSString+ToStringArray.m in Sources */,
				3D1F200F192FDD620082A674 /* S4MReader.m in Sources */,
				3D1F1FFF192FDD620082A674 /* S4MSchemeCons.m in Sources */,
				3D1F2010192FDD620082A674 /* S4MStringStream.m in Sources */,
				3D1F200A192FDD620082A674 /* S4MSchemeTrue.m in Sources */,
				3D1F2002192FDD620082A674 /* S4MSchemeFalse.m in Sources */,
				3DC0CA0D193133E800F5D676 /* S4MSymbolTable.m in Sources */,
				3D93BC4A19D627DB00CE0111 /* S4MSchemeBuiltin.m in Sources */,
				3D1F2004192FDD620082A674 /* S4MSchemeInteger.m in Sources */,
				3D1F1FFE192FDD620082A674 /* S4MSchemeBoolean.m in Sources */,
			);
			runOnlyForDeploymentPostprocessing = 0;
		};
		3D37D76F192BC2FE004D4478 /* Sources */ = {
			isa = PBXSourcesBuildPhase;
			buildActionMask = 2147483647;
			files = (
				3D00120319DAA801004AC830 /* S4M_062_EvalIfTestCase.m in Sources */,
				3D93BC4C19D7052800CE0111 /* S4M_061_EvalNestedSimpleArithmeticTestCase.m in Sources */,
				3D24CC9819330F47000FE72C /* S4M_001_ReaderNumberTestCase.m in Sources */,
				3DC0CA0E193133E800F5D676 /* S4MSymbolTable.m in Sources */,
				3D5E9BB0193900F100F154A9 /* S4M_002_ReaderStringTestCase.m in Sources */,
				3D5E9BB2193906D500F154A9 /* S4M_003_ReaderSymbolIdentityTestCase.m in Sources */,
				3D00120519DB2E5B004AC830 /* S4M_063_EvalBeginTestCase.m in Sources */,
				3DACBA2919E0CB3100B6C0D8 /* S4M_068_EvalLetTestCase.m in Sources */,
				3D3DC777193DCF49001E498F /* S4M_050_EnvironmentBasicTestCase.m in Sources */,
				3DFA1E5D19DCB38A00AC58CB /* S4M_066_EvalLambdaTestCase.m in Sources */,
				3D5ABEBC19D4B8BA00D2232A /* S4M_004_ReaderVectorTestCase.m in Sources */,
				3DFA1E5B19DCABA700AC58CB /* S4M_065_EvalQuoteTest.m in Sources */,
				3DF9784C19DF4140002AAA62 /* S4M_067_EvalClosuresTestCase.m in Sources */,
				3D5ABEC319D6020700D2232A /* S4M_060_EvalSimpleArithmeticTestCase.m in Sources */,
				3DF4E0C619E0B44A0065F9A3 /* S4M_055_ListShortcutsTestCase.m in Sources */,
				3D00120719DB58C4004AC830 /* S4M_064_EvalDefineTestCase.m in Sources */,
				3DACBA2B19E0D05900B6C0D8 /* S4M_069_EvalLetStarTestCase.m in Sources */,
				3D5ABEBE19D4D89C00D2232A /* S4M_015_PrinterVectorTest.m in Sources */,
			);
			runOnlyForDeploymentPostprocessing = 0;
		};
/* End PBXSourcesBuildPhase section */

/* Begin PBXTargetDependency section */
		3D37D778192BC2FE004D4478 /* PBXTargetDependency */ = {
			isa = PBXTargetDependency;
			target = 3D37D751192BC2FE004D4478 /* Scheme4Mac */;
			targetProxy = 3D37D777192BC2FE004D4478 /* PBXContainerItemProxy */;
		};
/* End PBXTargetDependency section */

/* Begin PBXVariantGroup section */
		3D37D75E192BC2FE004D4478 /* InfoPlist.strings */ = {
			isa = PBXVariantGroup;
			children = (
				3D37D75F192BC2FE004D4478 /* en */,
			);
			name = InfoPlist.strings;
			sourceTree = "<group>";
		};
		3D37D764192BC2FE004D4478 /* Credits.rtf */ = {
			isa = PBXVariantGroup;
			children = (
				3D37D765192BC2FE004D4478 /* en */,
			);
			name = Credits.rtf;
			sourceTree = "<group>";
		};
		3D37D76A192BC2FE004D4478 /* MainMenu.xib */ = {
			isa = PBXVariantGroup;
			children = (
				3D37D76B192BC2FE004D4478 /* Base */,
			);
			name = MainMenu.xib;
			sourceTree = "<group>";
		};
		3D37D77C192BC2FE004D4478 /* InfoPlist.strings */ = {
			isa = PBXVariantGroup;
			children = (
				3D37D77D192BC2FE004D4478 /* en */,
			);
			name = InfoPlist.strings;
			sourceTree = "<group>";
		};
/* End PBXVariantGroup section */

/* Begin XCBuildConfiguration section */
		3D37D781192BC2FE004D4478 /* Debug */ = {
			isa = XCBuildConfiguration;
			buildSettings = {
				ALWAYS_SEARCH_USER_PATHS = NO;
				CLANG_CXX_LANGUAGE_STANDARD = "gnu++0x";
				CLANG_CXX_LIBRARY = "libc++";
				CLANG_ENABLE_MODULES = YES;
				CLANG_ENABLE_OBJC_ARC = YES;
				CLANG_WARN_BOOL_CONVERSION = YES;
				CLANG_WARN_CONSTANT_CONVERSION = YES;
				CLANG_WARN_DIRECT_OBJC_ISA_USAGE = YES_ERROR;
				CLANG_WARN_EMPTY_BODY = YES;
				CLANG_WARN_ENUM_CONVERSION = YES;
				CLANG_WARN_INT_CONVERSION = YES;
				CLANG_WARN_OBJC_ROOT_CLASS = YES_ERROR;
				CLANG_WARN__DUPLICATE_METHOD_MATCH = YES;
				COPY_PHASE_STRIP = NO;
				GCC_C_LANGUAGE_STANDARD = gnu99;
				GCC_DYNAMIC_NO_PIC = NO;
				GCC_ENABLE_OBJC_EXCEPTIONS = YES;
				GCC_OPTIMIZATION_LEVEL = 0;
				GCC_PREPROCESSOR_DEFINITIONS = (
					"DEBUG=1",
					"$(inherited)",
				);
				GCC_SYMBOLS_PRIVATE_EXTERN = NO;
				GCC_WARN_64_TO_32_BIT_CONVERSION = YES;
				GCC_WARN_ABOUT_RETURN_TYPE = YES_ERROR;
				GCC_WARN_UNDECLARED_SELECTOR = YES;
				GCC_WARN_UNINITIALIZED_AUTOS = YES_AGGRESSIVE;
				GCC_WARN_UNUSED_FUNCTION = YES;
				GCC_WARN_UNUSED_VARIABLE = YES;
				MACOSX_DEPLOYMENT_TARGET = 10.9;
				ONLY_ACTIVE_ARCH = YES;
				SDKROOT = macosx;
			};
			name = Debug;
		};
		3D37D782192BC2FE004D4478 /* Release */ = {
			isa = XCBuildConfiguration;
			buildSettings = {
				ALWAYS_SEARCH_USER_PATHS = NO;
				CLANG_CXX_LANGUAGE_STANDARD = "gnu++0x";
				CLANG_CXX_LIBRARY = "libc++";
				CLANG_ENABLE_MODULES = YES;
				CLANG_ENABLE_OBJC_ARC = YES;
				CLANG_WARN_BOOL_CONVERSION = YES;
				CLANG_WARN_CONSTANT_CONVERSION = YES;
				CLANG_WARN_DIRECT_OBJC_ISA_USAGE = YES_ERROR;
				CLANG_WARN_EMPTY_BODY = YES;
				CLANG_WARN_ENUM_CONVERSION = YES;
				CLANG_WARN_INT_CONVERSION = YES;
				CLANG_WARN_OBJC_ROOT_CLASS = YES_ERROR;
				CLANG_WARN__DUPLICATE_METHOD_MATCH = YES;
				COPY_PHASE_STRIP = YES;
				DEBUG_INFORMATION_FORMAT = "dwarf-with-dsym";
				ENABLE_NS_ASSERTIONS = NO;
				GCC_C_LANGUAGE_STANDARD = gnu99;
				GCC_ENABLE_OBJC_EXCEPTIONS = YES;
				GCC_WARN_64_TO_32_BIT_CONVERSION = YES;
				GCC_WARN_ABOUT_RETURN_TYPE = YES_ERROR;
				GCC_WARN_UNDECLARED_SELECTOR = YES;
				GCC_WARN_UNINITIALIZED_AUTOS = YES_AGGRESSIVE;
				GCC_WARN_UNUSED_FUNCTION = YES;
				GCC_WARN_UNUSED_VARIABLE = YES;
				MACOSX_DEPLOYMENT_TARGET = 10.9;
				SDKROOT = macosx;
			};
			name = Release;
		};
		3D37D784192BC2FE004D4478 /* Debug */ = {
			isa = XCBuildConfiguration;
			buildSettings = {
				ASSETCATALOG_COMPILER_APPICON_NAME = AppIcon;
				COMBINE_HIDPI_IMAGES = YES;
				GCC_PRECOMPILE_PREFIX_HEADER = YES;
				GCC_PREFIX_HEADER = "Scheme4Mac/Scheme4Mac-Prefix.pch";
				INFOPLIST_FILE = "Scheme4Mac/Scheme4Mac-Info.plist";
				PRODUCT_NAME = "$(TARGET_NAME)";
				WRAPPER_EXTENSION = app;
			};
			name = Debug;
		};
		3D37D785192BC2FE004D4478 /* Release */ = {
			isa = XCBuildConfiguration;
			buildSettings = {
				ASSETCATALOG_COMPILER_APPICON_NAME = AppIcon;
				COMBINE_HIDPI_IMAGES = YES;
				GCC_PRECOMPILE_PREFIX_HEADER = YES;
				GCC_PREFIX_HEADER = "Scheme4Mac/Scheme4Mac-Prefix.pch";
				INFOPLIST_FILE = "Scheme4Mac/Scheme4Mac-Info.plist";
				PRODUCT_NAME = "$(TARGET_NAME)";
				WRAPPER_EXTENSION = app;
			};
			name = Release;
		};
		3D37D787192BC2FE004D4478 /* Debug */ = {
			isa = XCBuildConfiguration;
			buildSettings = {
				BUNDLE_LOADER = "$(BUILT_PRODUCTS_DIR)/Scheme4Mac.app/Contents/MacOS/Scheme4Mac";
				COMBINE_HIDPI_IMAGES = YES;
				FRAMEWORK_SEARCH_PATHS = (
					"$(DEVELOPER_FRAMEWORKS_DIR)",
					"$(inherited)",
				);
				GCC_PRECOMPILE_PREFIX_HEADER = YES;
				GCC_PREFIX_HEADER = "Scheme4Mac/Scheme4Mac-Prefix.pch";
				GCC_PREPROCESSOR_DEFINITIONS = (
					"DEBUG=1",
					"$(inherited)",
				);
				INFOPLIST_FILE = "Scheme4MacTests/Scheme4MacTests-Info.plist";
				PRODUCT_NAME = "$(TARGET_NAME)";
				TEST_HOST = "$(BUNDLE_LOADER)";
				WRAPPER_EXTENSION = xctest;
			};
			name = Debug;
		};
		3D37D788192BC2FE004D4478 /* Release */ = {
			isa = XCBuildConfiguration;
			buildSettings = {
				BUNDLE_LOADER = "$(BUILT_PRODUCTS_DIR)/Scheme4Mac.app/Contents/MacOS/Scheme4Mac";
				COMBINE_HIDPI_IMAGES = YES;
				FRAMEWORK_SEARCH_PATHS = (
					"$(DEVELOPER_FRAMEWORKS_DIR)",
					"$(inherited)",
				);
				GCC_PRECOMPILE_PREFIX_HEADER = YES;
				GCC_PREFIX_HEADER = "Scheme4Mac/Scheme4Mac-Prefix.pch";
				INFOPLIST_FILE = "Scheme4MacTests/Scheme4MacTests-Info.plist";
				PRODUCT_NAME = "$(TARGET_NAME)";
				TEST_HOST = "$(BUNDLE_LOADER)";
				WRAPPER_EXTENSION = xctest;
			};
			name = Release;
		};
/* End XCBuildConfiguration section */

/* Begin XCConfigurationList section */
		3D37D74D192BC2FE004D4478 /* Build configuration list for PBXProject "Scheme4Mac" */ = {
			isa = XCConfigurationList;
			buildConfigurations = (
				3D37D781192BC2FE004D4478 /* Debug */,
				3D37D782192BC2FE004D4478 /* Release */,
			);
			defaultConfigurationIsVisible = 0;
			defaultConfigurationName = Release;
		};
		3D37D783192BC2FE004D4478 /* Build configuration list for PBXNativeTarget "Scheme4Mac" */ = {
			isa = XCConfigurationList;
			buildConfigurations = (
				3D37D784192BC2FE004D4478 /* Debug */,
				3D37D785192BC2FE004D4478 /* Release */,
			);
			defaultConfigurationIsVisible = 0;
			defaultConfigurationName = Release;
		};
		3D37D786192BC2FE004D4478 /* Build configuration list for PBXNativeTarget "Scheme4MacTests" */ = {
			isa = XCConfigurationList;
			buildConfigurations = (
				3D37D787192BC2FE004D4478 /* Debug */,
				3D37D788192BC2FE004D4478 /* Release */,
			);
			defaultConfigurationIsVisible = 0;
			defaultConfigurationName = Release;
		};
/* End XCConfigurationList section */
	};
	rootObject = 3D37D74A192BC2FE004D4478 /* Project object */;
}
